// !$*UTF8*$!
{
	archiveVersion = 1;
	classes = {
	};
	objectVersion = 46;
	objects = {

/* Begin PBXBuildFile section */
		470D0B762E4D40D089C8B5BA /* libPods-ExerciseTests.a in Frameworks */ = {isa = PBXBuildFile; fileRef = F299740932434630BD439F1D /* libPods-ExerciseTests.a */; };
		D71430F6185B31B60039E902 /* Foundation.framework in Frameworks */ = {isa = PBXBuildFile; fileRef = D71430F5185B31B60039E902 /* Foundation.framework */; };
		D71430F8185B31B60039E902 /* CoreGraphics.framework in Frameworks */ = {isa = PBXBuildFile; fileRef = D71430F7185B31B60039E902 /* CoreGraphics.framework */; };
		D71430FA185B31B60039E902 /* UIKit.framework in Frameworks */ = {isa = PBXBuildFile; fileRef = D71430F9185B31B60039E902 /* UIKit.framework */; };
		D71430FC185B31B60039E902 /* CoreData.framework in Frameworks */ = {isa = PBXBuildFile; fileRef = D71430FB185B31B60039E902 /* CoreData.framework */; };
		D7143102185B31B60039E902 /* InfoPlist.strings in Resources */ = {isa = PBXBuildFile; fileRef = D7143100185B31B60039E902 /* InfoPlist.strings */; };
		D7143104185B31B60039E902 /* main.m in Sources */ = {isa = PBXBuildFile; fileRef = D7143103185B31B60039E902 /* main.m */; };
		D7143108185B31B60039E902 /* RIAppDelegate.m in Sources */ = {isa = PBXBuildFile; fileRef = D7143107185B31B60039E902 /* RIAppDelegate.m */; };
		D714310B185B31B60039E902 /* Main.storyboard in Resources */ = {isa = PBXBuildFile; fileRef = D7143109185B31B60039E902 /* Main.storyboard */; };
		D714310E185B31B60039E902 /* Exercise.xcdatamodeld in Sources */ = {isa = PBXBuildFile; fileRef = D714310C185B31B60039E902 /* Exercise.xcdatamodeld */; };
		D7143111185B31B60039E902 /* RIMasterViewController.m in Sources */ = {isa = PBXBuildFile; fileRef = D7143110185B31B60039E902 /* RIMasterViewController.m */; };
		D7143114185B31B60039E902 /* RIDetailViewController.m in Sources */ = {isa = PBXBuildFile; fileRef = D7143113185B31B60039E902 /* RIDetailViewController.m */; };
		D7143116185B31B60039E902 /* Images.xcassets in Resources */ = {isa = PBXBuildFile; fileRef = D7143115185B31B60039E902 /* Images.xcassets */; };
		D714311D185B31B60039E902 /* XCTest.framework in Frameworks */ = {isa = PBXBuildFile; fileRef = D714311C185B31B60039E902 /* XCTest.framework */; };
		D714311E185B31B60039E902 /* Foundation.framework in Frameworks */ = {isa = PBXBuildFile; fileRef = D71430F5185B31B60039E902 /* Foundation.framework */; };
		D714311F185B31B60039E902 /* UIKit.framework in Frameworks */ = {isa = PBXBuildFile; fileRef = D71430F9185B31B60039E902 /* UIKit.framework */; };
		D7143120185B31B60039E902 /* CoreData.framework in Frameworks */ = {isa = PBXBuildFile; fileRef = D71430FB185B31B60039E902 /* CoreData.framework */; };
		D7143128185B31B60039E902 /* InfoPlist.strings in Resources */ = {isa = PBXBuildFile; fileRef = D7143126185B31B60039E902 /* InfoPlist.strings */; };
		D714312A185B31B60039E902 /* ExerciseTests.m in Sources */ = {isa = PBXBuildFile; fileRef = D7143129185B31B60039E902 /* ExerciseTests.m */; };
		D7143137185B455C0039E902 /* NSString+Additions.m in Sources */ = {isa = PBXBuildFile; fileRef = D7143136185B455C0039E902 /* NSString+Additions.m */; };
		D7143138185B455C0039E902 /* NSString+Additions.m in Sources */ = {isa = PBXBuildFile; fileRef = D7143136185B455C0039E902 /* NSString+Additions.m */; };
		D7143159185E31AB0039E902 /* RISimple.m in Sources */ = {isa = PBXBuildFile; fileRef = D7143158185E31AB0039E902 /* RISimple.m */; };
		D714315A185E31AB0039E902 /* RISimple.m in Sources */ = {isa = PBXBuildFile; fileRef = D7143158185E31AB0039E902 /* RISimple.m */; };
		D714315D185E31AB0039E902 /* RIImage.m in Sources */ = {isa = PBXBuildFile; fileRef = D714315C185E31AB0039E902 /* RIImage.m */; };
		D714315E185E31AB0039E902 /* RIImage.m in Sources */ = {isa = PBXBuildFile; fileRef = D714315C185E31AB0039E902 /* RIImage.m */; };
		D7143161185E31AC0039E902 /* RIItem.m in Sources */ = {isa = PBXBuildFile; fileRef = D7143160185E31AC0039E902 /* RIItem.m */; };
		D7143162185E31AC0039E902 /* RIItem.m in Sources */ = {isa = PBXBuildFile; fileRef = D7143160185E31AC0039E902 /* RIItem.m */; };
		D714316B185E35A90039E902 /* RIAPIManager.m in Sources */ = {isa = PBXBuildFile; fileRef = D714316A185E35A90039E902 /* RIAPIManager.m */; };
		D714316C185E35A90039E902 /* RIAPIManager.m in Sources */ = {isa = PBXBuildFile; fileRef = D714316A185E35A90039E902 /* RIAPIManager.m */; };
		D714316F185E3E150039E902 /* RIAPIManagerTests.m in Sources */ = {isa = PBXBuildFile; fileRef = D714316E185E3E150039E902 /* RIAPIManagerTests.m */; };
		D7F6B2AF185E490900638B0E /* response.json in Resources */ = {isa = PBXBuildFile; fileRef = D7F6B2AE185E490900638B0E /* response.json */; };
		D7F6B2B0185E490C00638B0E /* response.json in Resources */ = {isa = PBXBuildFile; fileRef = D7F6B2AE185E490900638B0E /* response.json */; };
		D7F785BF185E4B68008A937E /* RIItemMapper.m in Sources */ = {isa = PBXBuildFile; fileRef = D7F785BE185E4B68008A937E /* RIItemMapper.m */; };
		D7F785C0185E4B68008A937E /* RIItemMapper.m in Sources */ = {isa = PBXBuildFile; fileRef = D7F785BE185E4B68008A937E /* RIItemMapper.m */; };
		D7F785C3185E4B71008A937E /* RISimpleMapper.m in Sources */ = {isa = PBXBuildFile; fileRef = D7F785C2185E4B71008A937E /* RISimpleMapper.m */; };
		D7F785C4185E4B71008A937E /* RISimpleMapper.m in Sources */ = {isa = PBXBuildFile; fileRef = D7F785C2185E4B71008A937E /* RISimpleMapper.m */; };
		D7F785C7185E4BFB008A937E /* RIResponseMapper.m in Sources */ = {isa = PBXBuildFile; fileRef = D7F785C6185E4BFB008A937E /* RIResponseMapper.m */; };
		D7F785C8185E4BFB008A937E /* RIResponseMapper.m in Sources */ = {isa = PBXBuildFile; fileRef = D7F785C6185E4BFB008A937E /* RIResponseMapper.m */; };
		D7F785CA185E4D47008A937E /* KeyEntityMapping.plist in Resources */ = {isa = PBXBuildFile; fileRef = D7F785C9185E4D47008A937E /* KeyEntityMapping.plist */; };
		D7F785CB185E4D47008A937E /* KeyEntityMapping.plist in Resources */ = {isa = PBXBuildFile; fileRef = D7F785C9185E4D47008A937E /* KeyEntityMapping.plist */; };
		D7F785CE185E4D78008A937E /* RIKeyEntityMapper.m in Sources */ = {isa = PBXBuildFile; fileRef = D7F785CD185E4D78008A937E /* RIKeyEntityMapper.m */; };
		D7F785CF185E4D78008A937E /* RIKeyEntityMapper.m in Sources */ = {isa = PBXBuildFile; fileRef = D7F785CD185E4D78008A937E /* RIKeyEntityMapper.m */; };
		D7F785D2185E59FE008A937E /* RIImageMapper.m in Sources */ = {isa = PBXBuildFile; fileRef = D7F785D1185E59FE008A937E /* RIImageMapper.m */; };
		D7F785D3185E59FE008A937E /* RIImageMapper.m in Sources */ = {isa = PBXBuildFile; fileRef = D7F785D1185E59FE008A937E /* RIImageMapper.m */; };
		D7F785D5185E5AF4008A937E /* RIImageTests.m in Sources */ = {isa = PBXBuildFile; fileRef = D7F785D4185E5AF4008A937E /* RIImageTests.m */; };
		D7F785D7185E5B01008A937E /* RIImageMapperTests.m in Sources */ = {isa = PBXBuildFile; fileRef = D7F785D6185E5B01008A937E /* RIImageMapperTests.m */; };
		D7F785D9185E5F8D008A937E /* RISimpleMapperTests.m in Sources */ = {isa = PBXBuildFile; fileRef = D7F785D8185E5F8D008A937E /* RISimpleMapperTests.m */; };
		D7F785DC185E66A6008A937E /* RIAPIConfiguration.m in Sources */ = {isa = PBXBuildFile; fileRef = D7F785DB185E66A6008A937E /* RIAPIConfiguration.m */; };
		D7F785DD185E66A6008A937E /* RIAPIConfiguration.m in Sources */ = {isa = PBXBuildFile; fileRef = D7F785DB185E66A6008A937E /* RIAPIConfiguration.m */; };
		D897CD4F8713409685845E00 /* libPods.a in Frameworks */ = {isa = PBXBuildFile; fileRef = 065236F44EF8479EA115D652 /* libPods.a */; };
/* End PBXBuildFile section */

/* Begin PBXContainerItemProxy section */
		D7143121185B31B60039E902 /* PBXContainerItemProxy */ = {
			isa = PBXContainerItemProxy;
			containerPortal = D71430EA185B31B60039E902 /* Project object */;
			proxyType = 1;
			remoteGlobalIDString = D71430F1185B31B60039E902;
			remoteInfo = Exercise;
		};
/* End PBXContainerItemProxy section */

/* Begin PBXFileReference section */
		065236F44EF8479EA115D652 /* libPods.a */ = {isa = PBXFileReference; explicitFileType = archive.ar; includeInIndex = 0; path = libPods.a; sourceTree = BUILT_PRODUCTS_DIR; };
		11CE7062C5D94F68A2EBF1B2 /* Pods.xcconfig */ = {isa = PBXFileReference; includeInIndex = 1; lastKnownFileType = text.xcconfig; name = Pods.xcconfig; path = Pods/Pods.xcconfig; sourceTree = "<group>"; };
		17BB66FA74ED4406A9A137F1 /* Pods-ExerciseTests.xcconfig */ = {isa = PBXFileReference; includeInIndex = 1; lastKnownFileType = text.xcconfig; name = "Pods-ExerciseTests.xcconfig"; path = "Pods/Pods-ExerciseTests.xcconfig"; sourceTree = "<group>"; };
		D71430F2185B31B60039E902 /* Exercise.app */ = {isa = PBXFileReference; explicitFileType = wrapper.application; includeInIndex = 0; path = Exercise.app; sourceTree = BUILT_PRODUCTS_DIR; };
		D71430F5185B31B60039E902 /* Foundation.framework */ = {isa = PBXFileReference; lastKnownFileType = wrapper.framework; name = Foundation.framework; path = System/Library/Frameworks/Foundation.framework; sourceTree = SDKROOT; };
		D71430F7185B31B60039E902 /* CoreGraphics.framework */ = {isa = PBXFileReference; lastKnownFileType = wrapper.framework; name = CoreGraphics.framework; path = System/Library/Frameworks/CoreGraphics.framework; sourceTree = SDKROOT; };
		D71430F9185B31B60039E902 /* UIKit.framework */ = {isa = PBXFileReference; lastKnownFileType = wrapper.framework; name = UIKit.framework; path = System/Library/Frameworks/UIKit.framework; sourceTree = SDKROOT; };
		D71430FB185B31B60039E902 /* CoreData.framework */ = {isa = PBXFileReference; lastKnownFileType = wrapper.framework; name = CoreData.framework; path = System/Library/Frameworks/CoreData.framework; sourceTree = SDKROOT; };
		D71430FF185B31B60039E902 /* Exercise-Info.plist */ = {isa = PBXFileReference; lastKnownFileType = text.plist.xml; path = "Exercise-Info.plist"; sourceTree = "<group>"; };
		D7143101185B31B60039E902 /* en */ = {isa = PBXFileReference; lastKnownFileType = text.plist.strings; name = en; path = en.lproj/InfoPlist.strings; sourceTree = "<group>"; };
		D7143103185B31B60039E902 /* main.m */ = {isa = PBXFileReference; lastKnownFileType = sourcecode.c.objc; path = main.m; sourceTree = "<group>"; };
		D7143105185B31B60039E902 /* Exercise-Prefix.pch */ = {isa = PBXFileReference; lastKnownFileType = sourcecode.c.h; path = "Exercise-Prefix.pch"; sourceTree = "<group>"; };
		D7143106185B31B60039E902 /* RIAppDelegate.h */ = {isa = PBXFileReference; lastKnownFileType = sourcecode.c.h; path = RIAppDelegate.h; sourceTree = "<group>"; };
		D7143107185B31B60039E902 /* RIAppDelegate.m */ = {isa = PBXFileReference; lastKnownFileType = sourcecode.c.objc; path = RIAppDelegate.m; sourceTree = "<group>"; };
		D714310A185B31B60039E902 /* Base */ = {isa = PBXFileReference; lastKnownFileType = file.storyboard; name = Base; path = Base.lproj/Main.storyboard; sourceTree = "<group>"; };
		D714310D185B31B60039E902 /* Exercise.xcdatamodel */ = {isa = PBXFileReference; lastKnownFileType = wrapper.xcdatamodel; path = Exercise.xcdatamodel; sourceTree = "<group>"; };
		D714310F185B31B60039E902 /* RIMasterViewController.h */ = {isa = PBXFileReference; lastKnownFileType = sourcecode.c.h; path = RIMasterViewController.h; sourceTree = "<group>"; };
		D7143110185B31B60039E902 /* RIMasterViewController.m */ = {isa = PBXFileReference; lastKnownFileType = sourcecode.c.objc; path = RIMasterViewController.m; sourceTree = "<group>"; };
		D7143112185B31B60039E902 /* RIDetailViewController.h */ = {isa = PBXFileReference; lastKnownFileType = sourcecode.c.h; path = RIDetailViewController.h; sourceTree = "<group>"; };
		D7143113185B31B60039E902 /* RIDetailViewController.m */ = {isa = PBXFileReference; lastKnownFileType = sourcecode.c.objc; path = RIDetailViewController.m; sourceTree = "<group>"; };
		D7143115185B31B60039E902 /* Images.xcassets */ = {isa = PBXFileReference; lastKnownFileType = folder.assetcatalog; path = Images.xcassets; sourceTree = "<group>"; };
		D714311B185B31B60039E902 /* ExerciseTests.xctest */ = {isa = PBXFileReference; explicitFileType = wrapper.cfbundle; includeInIndex = 0; path = ExerciseTests.xctest; sourceTree = BUILT_PRODUCTS_DIR; };
		D714311C185B31B60039E902 /* XCTest.framework */ = {isa = PBXFileReference; lastKnownFileType = wrapper.framework; name = XCTest.framework; path = Library/Frameworks/XCTest.framework; sourceTree = DEVELOPER_DIR; };
		D7143125185B31B60039E902 /* ExerciseTests-Info.plist */ = {isa = PBXFileReference; lastKnownFileType = text.plist.xml; path = "ExerciseTests-Info.plist"; sourceTree = "<group>"; };
		D7143127185B31B60039E902 /* en */ = {isa = PBXFileReference; lastKnownFileType = text.plist.strings; name = en; path = en.lproj/InfoPlist.strings; sourceTree = "<group>"; };
		D7143129185B31B60039E902 /* ExerciseTests.m */ = {isa = PBXFileReference; lastKnownFileType = sourcecode.c.objc; path = ExerciseTests.m; sourceTree = "<group>"; };
		D7143135185B455C0039E902 /* NSString+Additions.h */ = {isa = PBXFileReference; fileEncoding = 4; lastKnownFileType = sourcecode.c.h; path = "NSString+Additions.h"; sourceTree = "<group>"; };
		D7143136185B455C0039E902 /* NSString+Additions.m */ = {isa = PBXFileReference; fileEncoding = 4; lastKnownFileType = sourcecode.c.objc; path = "NSString+Additions.m"; sourceTree = "<group>"; };
		D7143157185E31AB0039E902 /* RISimple.h */ = {isa = PBXFileReference; fileEncoding = 4; lastKnownFileType = sourcecode.c.h; path = RISimple.h; sourceTree = "<group>"; };
		D7143158185E31AB0039E902 /* RISimple.m */ = {isa = PBXFileReference; fileEncoding = 4; lastKnownFileType = sourcecode.c.objc; path = RISimple.m; sourceTree = "<group>"; };
		D714315B185E31AB0039E902 /* RIImage.h */ = {isa = PBXFileReference; fileEncoding = 4; lastKnownFileType = sourcecode.c.h; path = RIImage.h; sourceTree = "<group>"; };
		D714315C185E31AB0039E902 /* RIImage.m */ = {isa = PBXFileReference; fileEncoding = 4; lastKnownFileType = sourcecode.c.objc; path = RIImage.m; sourceTree = "<group>"; };
		D714315F185E31AC0039E902 /* RIItem.h */ = {isa = PBXFileReference; fileEncoding = 4; lastKnownFileType = sourcecode.c.h; path = RIItem.h; sourceTree = "<group>"; };
		D7143160185E31AC0039E902 /* RIItem.m */ = {isa = PBXFileReference; fileEncoding = 4; lastKnownFileType = sourcecode.c.objc; path = RIItem.m; sourceTree = "<group>"; };
		D7143169185E35A90039E902 /* RIAPIManager.h */ = {isa = PBXFileReference; fileEncoding = 4; lastKnownFileType = sourcecode.c.h; path = RIAPIManager.h; sourceTree = "<group>"; };
		D714316A185E35A90039E902 /* RIAPIManager.m */ = {isa = PBXFileReference; fileEncoding = 4; lastKnownFileType = sourcecode.c.objc; path = RIAPIManager.m; sourceTree = "<group>"; };
		D714316E185E3E150039E902 /* RIAPIManagerTests.m */ = {isa = PBXFileReference; fileEncoding = 4; lastKnownFileType = sourcecode.c.objc; path = RIAPIManagerTests.m; sourceTree = "<group>"; };
		D7143178185E3F880039E902 /* RITestMacros.h */ = {isa = PBXFileReference; fileEncoding = 4; lastKnownFileType = sourcecode.c.h; path = RITestMacros.h; sourceTree = "<group>"; };
		D7143179185E3FAD0039E902 /* ExerciseTests-Prefix.pch */ = {isa = PBXFileReference; fileEncoding = 4; lastKnownFileType = sourcecode.c.h; path = "ExerciseTests-Prefix.pch"; sourceTree = "<group>"; };
		D7F6B2AE185E490900638B0E /* response.json */ = {isa = PBXFileReference; fileEncoding = 4; lastKnownFileType = text.json; path = response.json; sourceTree = "<group>"; };
		D7F785BC185E4AF9008A937E /* RIEntityMapper.h */ = {isa = PBXFileReference; fileEncoding = 4; lastKnownFileType = sourcecode.c.h; path = RIEntityMapper.h; sourceTree = "<group>"; };
		D7F785BD185E4B68008A937E /* RIItemMapper.h */ = {isa = PBXFileReference; fileEncoding = 4; lastKnownFileType = sourcecode.c.h; path = RIItemMapper.h; sourceTree = "<group>"; };
		D7F785BE185E4B68008A937E /* RIItemMapper.m */ = {isa = PBXFileReference; fileEncoding = 4; lastKnownFileType = sourcecode.c.objc; path = RIItemMapper.m; sourceTree = "<group>"; };
		D7F785C1185E4B71008A937E /* RISimpleMapper.h */ = {isa = PBXFileReference; fileEncoding = 4; lastKnownFileType = sourcecode.c.h; path = RISimpleMapper.h; sourceTree = "<group>"; };
		D7F785C2185E4B71008A937E /* RISimpleMapper.m */ = {isa = PBXFileReference; fileEncoding = 4; lastKnownFileType = sourcecode.c.objc; path = RISimpleMapper.m; sourceTree = "<group>"; };
		D7F785C5185E4BFB008A937E /* RIResponseMapper.h */ = {isa = PBXFileReference; fileEncoding = 4; lastKnownFileType = sourcecode.c.h; path = RIResponseMapper.h; sourceTree = "<group>"; };
		D7F785C6185E4BFB008A937E /* RIResponseMapper.m */ = {isa = PBXFileReference; fileEncoding = 4; lastKnownFileType = sourcecode.c.objc; path = RIResponseMapper.m; sourceTree = "<group>"; };
		D7F785C9185E4D47008A937E /* KeyEntityMapping.plist */ = {isa = PBXFileReference; fileEncoding = 4; lastKnownFileType = text.plist.xml; path = KeyEntityMapping.plist; sourceTree = "<group>"; };
		D7F785CC185E4D78008A937E /* RIKeyEntityMapper.h */ = {isa = PBXFileReference; fileEncoding = 4; lastKnownFileType = sourcecode.c.h; path = RIKeyEntityMapper.h; sourceTree = "<group>"; };
		D7F785CD185E4D78008A937E /* RIKeyEntityMapper.m */ = {isa = PBXFileReference; fileEncoding = 4; lastKnownFileType = sourcecode.c.objc; path = RIKeyEntityMapper.m; sourceTree = "<group>"; };
		D7F785D0185E59FE008A937E /* RIImageMapper.h */ = {isa = PBXFileReference; fileEncoding = 4; lastKnownFileType = sourcecode.c.h; path = RIImageMapper.h; sourceTree = "<group>"; };
		D7F785D1185E59FE008A937E /* RIImageMapper.m */ = {isa = PBXFileReference; fileEncoding = 4; lastKnownFileType = sourcecode.c.objc; path = RIImageMapper.m; sourceTree = "<group>"; };
		D7F785D4185E5AF4008A937E /* RIImageTests.m */ = {isa = PBXFileReference; fileEncoding = 4; lastKnownFileType = sourcecode.c.objc; path = RIImageTests.m; sourceTree = "<group>"; };
		D7F785D6185E5B01008A937E /* RIImageMapperTests.m */ = {isa = PBXFileReference; fileEncoding = 4; lastKnownFileType = sourcecode.c.objc; path = RIImageMapperTests.m; sourceTree = "<group>"; };
		D7F785D8185E5F8D008A937E /* RISimpleMapperTests.m */ = {isa = PBXFileReference; fileEncoding = 4; lastKnownFileType = sourcecode.c.objc; path = RISimpleMapperTests.m; sourceTree = "<group>"; };
		D7F785DA185E66A6008A937E /* RIAPIConfiguration.h */ = {isa = PBXFileReference; fileEncoding = 4; lastKnownFileType = sourcecode.c.h; path = RIAPIConfiguration.h; sourceTree = "<group>"; };
		D7F785DB185E66A6008A937E /* RIAPIConfiguration.m */ = {isa = PBXFileReference; fileEncoding = 4; lastKnownFileType = sourcecode.c.objc; path = RIAPIConfiguration.m; sourceTree = "<group>"; };
		F299740932434630BD439F1D /* libPods-ExerciseTests.a */ = {isa = PBXFileReference; explicitFileType = archive.ar; includeInIndex = 0; path = "libPods-ExerciseTests.a"; sourceTree = BUILT_PRODUCTS_DIR; };
/* End PBXFileReference section */

/* Begin PBXFrameworksBuildPhase section */
		D71430EF185B31B60039E902 /* Frameworks */ = {
			isa = PBXFrameworksBuildPhase;
			buildActionMask = 2147483647;
			files = (
				D71430F8185B31B60039E902 /* CoreGraphics.framework in Frameworks */,
				D71430FC185B31B60039E902 /* CoreData.framework in Frameworks */,
				D71430FA185B31B60039E902 /* UIKit.framework in Frameworks */,
				D71430F6185B31B60039E902 /* Foundation.framework in Frameworks */,
				D897CD4F8713409685845E00 /* libPods.a in Frameworks */,
			);
			runOnlyForDeploymentPostprocessing = 0;
		};
		D7143118185B31B60039E902 /* Frameworks */ = {
			isa = PBXFrameworksBuildPhase;
			buildActionMask = 2147483647;
			files = (
				D714311D185B31B60039E902 /* XCTest.framework in Frameworks */,
				D7143120185B31B60039E902 /* CoreData.framework in Frameworks */,
				D714311F185B31B60039E902 /* UIKit.framework in Frameworks */,
				D714311E185B31B60039E902 /* Foundation.framework in Frameworks */,
				470D0B762E4D40D089C8B5BA /* libPods-ExerciseTests.a in Frameworks */,
			);
			runOnlyForDeploymentPostprocessing = 0;
		};
/* End PBXFrameworksBuildPhase section */

/* Begin PBXGroup section */
		D71430E9185B31B60039E902 = {
			isa = PBXGroup;
			children = (
				D71430FD185B31B60039E902 /* Exercise */,
				D7143123185B31B60039E902 /* ExerciseTests */,
				D71430F4185B31B60039E902 /* Frameworks */,
				D71430F3185B31B60039E902 /* Products */,
				11CE7062C5D94F68A2EBF1B2 /* Pods.xcconfig */,
				17BB66FA74ED4406A9A137F1 /* Pods-ExerciseTests.xcconfig */,
			);
			sourceTree = "<group>";
		};
		D71430F3185B31B60039E902 /* Products */ = {
			isa = PBXGroup;
			children = (
				D71430F2185B31B60039E902 /* Exercise.app */,
				D714311B185B31B60039E902 /* ExerciseTests.xctest */,
			);
			name = Products;
			sourceTree = "<group>";
		};
		D71430F4185B31B60039E902 /* Frameworks */ = {
			isa = PBXGroup;
			children = (
				D71430F5185B31B60039E902 /* Foundation.framework */,
				D71430F7185B31B60039E902 /* CoreGraphics.framework */,
				D71430F9185B31B60039E902 /* UIKit.framework */,
				D71430FB185B31B60039E902 /* CoreData.framework */,
				D714311C185B31B60039E902 /* XCTest.framework */,
				065236F44EF8479EA115D652 /* libPods.a */,
				F299740932434630BD439F1D /* libPods-ExerciseTests.a */,
			);
			name = Frameworks;
			sourceTree = "<group>";
		};
		D71430FD185B31B60039E902 /* Exercise */ = {
			isa = PBXGroup;
			children = (
				D7143163185E31F70039E902 /* API */,
				D7143156185E2F9D0039E902 /* Controllers */,
				D7143155185E2F940039E902 /* Views */,
				D7143154185E2F900039E902 /* Models */,
				D7143134185B45450039E902 /* Categories */,
				D7143106185B31B60039E902 /* RIAppDelegate.h */,
				D7143107185B31B60039E902 /* RIAppDelegate.m */,
				D7143115185B31B60039E902 /* Images.xcassets */,
				D71430FE185B31B60039E902 /* Supporting Files */,
			);
			path = Exercise;
			sourceTree = "<group>";
		};
		D71430FE185B31B60039E902 /* Supporting Files */ = {
			isa = PBXGroup;
			children = (
				D71430FF185B31B60039E902 /* Exercise-Info.plist */,
				D7143100185B31B60039E902 /* InfoPlist.strings */,
				D7143103185B31B60039E902 /* main.m */,
				D7143105185B31B60039E902 /* Exercise-Prefix.pch */,
			);
			name = "Supporting Files";
			sourceTree = "<group>";
		};
		D7143123185B31B60039E902 /* ExerciseTests */ = {
			isa = PBXGroup;
			children = (
				D7143170185E3F0E0039E902 /* Resources */,
				D7143129185B31B60039E902 /* ExerciseTests.m */,
				D7143124185B31B60039E902 /* Supporting Files */,
				D714316E185E3E150039E902 /* RIAPIManagerTests.m */,
				D7F785D4185E5AF4008A937E /* RIImageTests.m */,
				D7F785D6185E5B01008A937E /* RIImageMapperTests.m */,
				D7F785D8185E5F8D008A937E /* RISimpleMapperTests.m */,
			);
			path = ExerciseTests;
			sourceTree = "<group>";
		};
		D7143124185B31B60039E902 /* Supporting Files */ = {
			isa = PBXGroup;
			children = (
				D7143125185B31B60039E902 /* ExerciseTests-Info.plist */,
				D7143126185B31B60039E902 /* InfoPlist.strings */,
				D7143178185E3F880039E902 /* RITestMacros.h */,
				D7143179185E3FAD0039E902 /* ExerciseTests-Prefix.pch */,
			);
			name = "Supporting Files";
			sourceTree = "<group>";
		};
		D7143134185B45450039E902 /* Categories */ = {
			isa = PBXGroup;
			children = (
				D7143135185B455C0039E902 /* NSString+Additions.h */,
				D7143136185B455C0039E902 /* NSString+Additions.m */,
			);
			name = Categories;
			sourceTree = "<group>";
		};
		D7143154185E2F900039E902 /* Models */ = {
			isa = PBXGroup;
			children = (
				D714310C185B31B60039E902 /* Exercise.xcdatamodeld */,
				D714315F185E31AC0039E902 /* RIItem.h */,
				D7143160185E31AC0039E902 /* RIItem.m */,
				D714315B185E31AB0039E902 /* RIImage.h */,
				D714315C185E31AB0039E902 /* RIImage.m */,
				D7143157185E31AB0039E902 /* RISimple.h */,
				D7143158185E31AB0039E902 /* RISimple.m */,
			);
			name = Models;
			sourceTree = "<group>";
		};
		D7143155185E2F940039E902 /* Views */ = {
			isa = PBXGroup;
			children = (
				D7143109185B31B60039E902 /* Main.storyboard */,
			);
			name = Views;
			sourceTree = "<group>";
		};
		D7143156185E2F9D0039E902 /* Controllers */ = {
			isa = PBXGroup;
			children = (
				D714310F185B31B60039E902 /* RIMasterViewController.h */,
				D7143110185B31B60039E902 /* RIMasterViewController.m */,
				D7143112185B31B60039E902 /* RIDetailViewController.h */,
				D7143113185B31B60039E902 /* RIDetailViewController.m */,
			);
			name = Controllers;
			sourceTree = "<group>";
		};
		D7143163185E31F70039E902 /* API */ = {
			isa = PBXGroup;
			children = (
				D7143169185E35A90039E902 /* RIAPIManager.h */,
				D714316A185E35A90039E902 /* RIAPIManager.m */,
				D7F785BC185E4AF9008A937E /* RIEntityMapper.h */,
				D7F785BD185E4B68008A937E /* RIItemMapper.h */,
				D7F785BE185E4B68008A937E /* RIItemMapper.m */,
				D7F785C1185E4B71008A937E /* RISimpleMapper.h */,
				D7F785C2185E4B71008A937E /* RISimpleMapper.m */,
				D7F785C5185E4BFB008A937E /* RIResponseMapper.h */,
				D7F785C6185E4BFB008A937E /* RIResponseMapper.m */,
				D7F785C9185E4D47008A937E /* KeyEntityMapping.plist */,
				D7F785CC185E4D78008A937E /* RIKeyEntityMapper.h */,
				D7F785CD185E4D78008A937E /* RIKeyEntityMapper.m */,
				D7F785D0185E59FE008A937E /* RIImageMapper.h */,
				D7F785D1185E59FE008A937E /* RIImageMapper.m */,
				D7F785DA185E66A6008A937E /* RIAPIConfiguration.h */,
				D7F785DB185E66A6008A937E /* RIAPIConfiguration.m */,
			);
			name = API;
			sourceTree = "<group>";
		};
		D7143170185E3F0E0039E902 /* Resources */ = {
			isa = PBXGroup;
			children = (
				D7F6B2AE185E490900638B0E /* response.json */,
			);
			name = Resources;
			sourceTree = "<group>";
		};
/* End PBXGroup section */

/* Begin PBXNativeTarget section */
		D71430F1185B31B60039E902 /* Exercise */ = {
			isa = PBXNativeTarget;
			buildConfigurationList = D714312D185B31B60039E902 /* Build configuration list for PBXNativeTarget "Exercise" */;
			buildPhases = (
				6796548D6DBF409D94FB4014 /* Check Pods Manifest.lock */,
				D71430EE185B31B60039E902 /* Sources */,
				D71430EF185B31B60039E902 /* Frameworks */,
				D71430F0185B31B60039E902 /* Resources */,
				5B9FBD38B2AB4A72871985BA /* Copy Pods Resources */,
			);
			buildRules = (
			);
			dependencies = (
			);
			name = Exercise;
			productName = Exercise;
			productReference = D71430F2185B31B60039E902 /* Exercise.app */;
			productType = "com.apple.product-type.application";
		};
		D714311A185B31B60039E902 /* ExerciseTests */ = {
			isa = PBXNativeTarget;
			buildConfigurationList = D7143130185B31B60039E902 /* Build configuration list for PBXNativeTarget "ExerciseTests" */;
			buildPhases = (
				C92178A9A7C4485DB2DB3166 /* Check Pods Manifest.lock */,
				D7143117185B31B60039E902 /* Sources */,
				D7143118185B31B60039E902 /* Frameworks */,
				D7143119185B31B60039E902 /* Resources */,
				C9D0A86F6C554D969065DA29 /* Copy Pods Resources */,
			);
			buildRules = (
			);
			dependencies = (
				D7143122185B31B60039E902 /* PBXTargetDependency */,
			);
			name = ExerciseTests;
			productName = ExerciseTests;
			productReference = D714311B185B31B60039E902 /* ExerciseTests.xctest */;
			productType = "com.apple.product-type.bundle.unit-test";
		};
/* End PBXNativeTarget section */

/* Begin PBXProject section */
		D71430EA185B31B60039E902 /* Project object */ = {
			isa = PBXProject;
			attributes = {
				CLASSPREFIX = RI;
				LastUpgradeCheck = 0500;
				ORGANIZATIONNAME = "Rocket Internet";
				TargetAttributes = {
					D714311A185B31B60039E902 = {
						TestTargetID = D71430F1185B31B60039E902;
					};
				};
			};
			buildConfigurationList = D71430ED185B31B60039E902 /* Build configuration list for PBXProject "Exercise" */;
			compatibilityVersion = "Xcode 3.2";
			developmentRegion = English;
			hasScannedForEncodings = 0;
			knownRegions = (
				en,
				Base,
			);
			mainGroup = D71430E9185B31B60039E902;
			productRefGroup = D71430F3185B31B60039E902 /* Products */;
			projectDirPath = "";
			projectRoot = "";
			targets = (
				D71430F1185B31B60039E902 /* Exercise */,
				D714311A185B31B60039E902 /* ExerciseTests */,
			);
		};
/* End PBXProject section */

/* Begin PBXResourcesBuildPhase section */
		D71430F0185B31B60039E902 /* Resources */ = {
			isa = PBXResourcesBuildPhase;
			buildActionMask = 2147483647;
			files = (
				D7F6B2B0185E490C00638B0E /* response.json in Resources */,
				D7F785CA185E4D47008A937E /* KeyEntityMapping.plist in Resources */,
				D7143116185B31B60039E902 /* Images.xcassets in Resources */,
				D7143102185B31B60039E902 /* InfoPlist.strings in Resources */,
				D714310B185B31B60039E902 /* Main.storyboard in Resources */,
			);
			runOnlyForDeploymentPostprocessing = 0;
		};
		D7143119185B31B60039E902 /* Resources */ = {
			isa = PBXResourcesBuildPhase;
			buildActionMask = 2147483647;
			files = (
				D7F6B2AF185E490900638B0E /* response.json in Resources */,
				D7F785CB185E4D47008A937E /* KeyEntityMapping.plist in Resources */,
				D7143128185B31B60039E902 /* InfoPlist.strings in Resources */,
			);
			runOnlyForDeploymentPostprocessing = 0;
		};
/* End PBXResourcesBuildPhase section */

/* Begin PBXShellScriptBuildPhase section */
		5B9FBD38B2AB4A72871985BA /* Copy Pods Resources */ = {
			isa = PBXShellScriptBuildPhase;
			buildActionMask = 2147483647;
			files = (
			);
			inputPaths = (
			);
			name = "Copy Pods Resources";
			outputPaths = (
			);
			runOnlyForDeploymentPostprocessing = 0;
			shellPath = /bin/sh;
			shellScript = "\"${SRCROOT}/Pods/Pods-resources.sh\"\n";
			showEnvVarsInLog = 0;
		};
		6796548D6DBF409D94FB4014 /* Check Pods Manifest.lock */ = {
			isa = PBXShellScriptBuildPhase;
			buildActionMask = 2147483647;
			files = (
			);
			inputPaths = (
			);
			name = "Check Pods Manifest.lock";
			outputPaths = (
			);
			runOnlyForDeploymentPostprocessing = 0;
			shellPath = /bin/sh;
			shellScript = "diff \"${PODS_ROOT}/../Podfile.lock\" \"${PODS_ROOT}/Manifest.lock\" > /dev/null\nif [[ $? != 0 ]] ; then\n    cat << EOM\nerror: The sandbox is not in sync with the Podfile.lock. Run 'pod install' or update your CocoaPods installation.\nEOM\n    exit 1\nfi\n";
			showEnvVarsInLog = 0;
		};
		C92178A9A7C4485DB2DB3166 /* Check Pods Manifest.lock */ = {
			isa = PBXShellScriptBuildPhase;
			buildActionMask = 2147483647;
			files = (
			);
			inputPaths = (
			);
			name = "Check Pods Manifest.lock";
			outputPaths = (
			);
			runOnlyForDeploymentPostprocessing = 0;
			shellPath = /bin/sh;
			shellScript = "diff \"${PODS_ROOT}/../Podfile.lock\" \"${PODS_ROOT}/Manifest.lock\" > /dev/null\nif [[ $? != 0 ]] ; then\n    cat << EOM\nerror: The sandbox is not in sync with the Podfile.lock. Run 'pod install' or update your CocoaPods installation.\nEOM\n    exit 1\nfi\n";
			showEnvVarsInLog = 0;
		};
		C9D0A86F6C554D969065DA29 /* Copy Pods Resources */ = {
			isa = PBXShellScriptBuildPhase;
			buildActionMask = 2147483647;
			files = (
			);
			inputPaths = (
			);
			name = "Copy Pods Resources";
			outputPaths = (
			);
			runOnlyForDeploymentPostprocessing = 0;
			shellPath = /bin/sh;
			shellScript = "\"${SRCROOT}/Pods/Pods-ExerciseTests-resources.sh\"\n";
			showEnvVarsInLog = 0;
		};
/* End PBXShellScriptBuildPhase section */

/* Begin PBXSourcesBuildPhase section */
		D71430EE185B31B60039E902 /* Sources */ = {
			isa = PBXSourcesBuildPhase;
			buildActionMask = 2147483647;
			files = (
				D7F785CE185E4D78008A937E /* RIKeyEntityMapper.m in Sources */,
				D7143104185B31B60039E902 /* main.m in Sources */,
				D7F785C3185E4B71008A937E /* RISimpleMapper.m in Sources */,
				D7143111185B31B60039E902 /* RIMasterViewController.m in Sources */,
				D714315D185E31AB0039E902 /* RIImage.m in Sources */,
				D7143161185E31AC0039E902 /* RIItem.m in Sources */,
				D7F785C7185E4BFB008A937E /* RIResponseMapper.m in Sources */,
				D7143114185B31B60039E902 /* RIDetailViewController.m in Sources */,
				D7F785BF185E4B68008A937E /* RIItemMapper.m in Sources */,
				D714316B185E35A90039E902 /* RIAPIManager.m in Sources */,
				D7143159185E31AB0039E902 /* RISimple.m in Sources */,
				D714310E185B31B60039E902 /* Exercise.xcdatamodeld in Sources */,
				D7F785DC185E66A6008A937E /* RIAPIConfiguration.m in Sources */,
				D7F785D2185E59FE008A937E /* RIImageMapper.m in Sources */,
				D7143108185B31B60039E902 /* RIAppDelegate.m in Sources */,
				D7143137185B455C0039E902 /* NSString+Additions.m in Sources */,
			);
			runOnlyForDeploymentPostprocessing = 0;
		};
		D7143117185B31B60039E902 /* Sources */ = {
			isa = PBXSourcesBuildPhase;
			buildActionMask = 2147483647;
			files = (
				D7F785D5185E5AF4008A937E /* RIImageTests.m in Sources */,
				D7F785C0185E4B68008A937E /* RIItemMapper.m in Sources */,
				D714316F185E3E150039E902 /* RIAPIManagerTests.m in Sources */,
				D714312A185B31B60039E902 /* ExerciseTests.m in Sources */,
				D714316C185E35A90039E902 /* RIAPIManager.m in Sources */,
				D7F785CF185E4D78008A937E /* RIKeyEntityMapper.m in Sources */,
				D7F785C8185E4BFB008A937E /* RIResponseMapper.m in Sources */,
				D7143138185B455C0039E902 /* NSString+Additions.m in Sources */,
				D7F785D9185E5F8D008A937E /* RISimpleMapperTests.m in Sources */,
				D714315E185E31AB0039E902 /* RIImage.m in Sources */,
				D714315A185E31AB0039E902 /* RISimple.m in Sources */,
				D7F785D3185E59FE008A937E /* RIImageMapper.m in Sources */,
				D7F785DD185E66A6008A937E /* RIAPIConfiguration.m in Sources */,
				D7F785C4185E4B71008A937E /* RISimpleMapper.m in Sources */,
				D7143162185E31AC0039E902 /* RIItem.m in Sources */,
				D7F785D7185E5B01008A937E /* RIImageMapperTests.m in Sources */,
			);
			runOnlyForDeploymentPostprocessing = 0;
		};
/* End PBXSourcesBuildPhase section */

/* Begin PBXTargetDependency section */
		D7143122185B31B60039E902 /* PBXTargetDependency */ = {
			isa = PBXTargetDependency;
			target = D71430F1185B31B60039E902 /* Exercise */;
			targetProxy = D7143121185B31B60039E902 /* PBXContainerItemProxy */;
		};
/* End PBXTargetDependency section */

/* Begin PBXVariantGroup section */
		D7143100185B31B60039E902 /* InfoPlist.strings */ = {
			isa = PBXVariantGroup;
			children = (
				D7143101185B31B60039E902 /* en */,
			);
			name = InfoPlist.strings;
			sourceTree = "<group>";
		};
		D7143109185B31B60039E902 /* Main.storyboard */ = {
			isa = PBXVariantGroup;
			children = (
				D714310A185B31B60039E902 /* Base */,
			);
			name = Main.storyboard;
			sourceTree = "<group>";
		};
		D7143126185B31B60039E902 /* InfoPlist.strings */ = {
			isa = PBXVariantGroup;
			children = (
				D7143127185B31B60039E902 /* en */,
			);
			name = InfoPlist.strings;
			sourceTree = "<group>";
		};
/* End PBXVariantGroup section */

/* Begin XCBuildConfiguration section */
		D714312B185B31B60039E902 /* Debug */ = {
			isa = XCBuildConfiguration;
			buildSettings = {
				ALWAYS_SEARCH_USER_PATHS = NO;
				ARCHS = "$(ARCHS_STANDARD_INCLUDING_64_BIT)";
				CLANG_CXX_LANGUAGE_STANDARD = "gnu++0x";
				CLANG_CXX_LIBRARY = "libc++";
				CLANG_ENABLE_MODULES = YES;
				CLANG_ENABLE_OBJC_ARC = YES;
				CLANG_WARN_BOOL_CONVERSION = YES;
				CLANG_WARN_CONSTANT_CONVERSION = YES;
				CLANG_WARN_DIRECT_OBJC_ISA_USAGE = YES_ERROR;
				CLANG_WARN_EMPTY_BODY = YES;
				CLANG_WARN_ENUM_CONVERSION = YES;
				CLANG_WARN_INT_CONVERSION = YES;
				CLANG_WARN_OBJC_ROOT_CLASS = YES_ERROR;
				CLANG_WARN__DUPLICATE_METHOD_MATCH = YES;
				"CODE_SIGN_IDENTITY[sdk=iphoneos*]" = "iPhone Developer";
				COPY_PHASE_STRIP = NO;
				GCC_C_LANGUAGE_STANDARD = gnu99;
				GCC_DYNAMIC_NO_PIC = NO;
				GCC_OPTIMIZATION_LEVEL = 0;
				GCC_PREPROCESSOR_DEFINITIONS = (
					"DEBUG=1",
					"$(inherited)",
				);
				GCC_SYMBOLS_PRIVATE_EXTERN = NO;
				GCC_WARN_64_TO_32_BIT_CONVERSION = YES;
				GCC_WARN_ABOUT_RETURN_TYPE = YES_ERROR;
				GCC_WARN_UNDECLARED_SELECTOR = YES;
				GCC_WARN_UNINITIALIZED_AUTOS = YES;
				GCC_WARN_UNUSED_FUNCTION = YES;
				GCC_WARN_UNUSED_VARIABLE = YES;
				IPHONEOS_DEPLOYMENT_TARGET = 7.0;
				ONLY_ACTIVE_ARCH = YES;
				SDKROOT = iphoneos;
			};
			name = Debug;
		};
		D714312C185B31B60039E902 /* Release */ = {
			isa = XCBuildConfiguration;
			buildSettings = {
				ALWAYS_SEARCH_USER_PATHS = NO;
				ARCHS = "$(ARCHS_STANDARD_INCLUDING_64_BIT)";
				CLANG_CXX_LANGUAGE_STANDARD = "gnu++0x";
				CLANG_CXX_LIBRARY = "libc++";
				CLANG_ENABLE_MODULES = YES;
				CLANG_ENABLE_OBJC_ARC = YES;
				CLANG_WARN_BOOL_CONVERSION = YES;
				CLANG_WARN_CONSTANT_CONVERSION = YES;
				CLANG_WARN_DIRECT_OBJC_ISA_USAGE = YES_ERROR;
				CLANG_WARN_EMPTY_BODY = YES;
				CLANG_WARN_ENUM_CONVERSION = YES;
				CLANG_WARN_INT_CONVERSION = YES;
				CLANG_WARN_OBJC_ROOT_CLASS = YES_ERROR;
				CLANG_WARN__DUPLICATE_METHOD_MATCH = YES;
				"CODE_SIGN_IDENTITY[sdk=iphoneos*]" = "iPhone Developer";
				COPY_PHASE_STRIP = YES;
				ENABLE_NS_ASSERTIONS = NO;
				GCC_C_LANGUAGE_STANDARD = gnu99;
				GCC_WARN_64_TO_32_BIT_CONVERSION = YES;
				GCC_WARN_ABOUT_RETURN_TYPE = YES_ERROR;
				GCC_WARN_UNDECLARED_SELECTOR = YES;
				GCC_WARN_UNINITIALIZED_AUTOS = YES;
				GCC_WARN_UNUSED_FUNCTION = YES;
				GCC_WARN_UNUSED_VARIABLE = YES;
				IPHONEOS_DEPLOYMENT_TARGET = 7.0;
				SDKROOT = iphoneos;
				VALIDATE_PRODUCT = YES;
			};
			name = Release;
		};
		D714312E185B31B60039E902 /* Debug */ = {
			isa = XCBuildConfiguration;
			baseConfigurationReference = 11CE7062C5D94F68A2EBF1B2 /* Pods.xcconfig */;
			buildSettings = {
				ASSETCATALOG_COMPILER_APPICON_NAME = AppIcon;
				ASSETCATALOG_COMPILER_LAUNCHIMAGE_NAME = LaunchImage;
				GCC_PRECOMPILE_PREFIX_HEADER = YES;
				GCC_PREFIX_HEADER = "Exercise/Exercise-Prefix.pch";
				INFOPLIST_FILE = "Exercise/Exercise-Info.plist";
				PRODUCT_NAME = "$(TARGET_NAME)";
				WRAPPER_EXTENSION = app;
			};
			name = Debug;
		};
		D714312F185B31B60039E902 /* Release */ = {
			isa = XCBuildConfiguration;
			baseConfigurationReference = 11CE7062C5D94F68A2EBF1B2 /* Pods.xcconfig */;
			buildSettings = {
				ASSETCATALOG_COMPILER_APPICON_NAME = AppIcon;
				ASSETCATALOG_COMPILER_LAUNCHIMAGE_NAME = LaunchImage;
				GCC_PRECOMPILE_PREFIX_HEADER = YES;
				GCC_PREFIX_HEADER = "Exercise/Exercise-Prefix.pch";
				INFOPLIST_FILE = "Exercise/Exercise-Info.plist";
				PRODUCT_NAME = "$(TARGET_NAME)";
				WRAPPER_EXTENSION = app;
			};
			name = Release;
		};
		D7143131185B31B60039E902 /* Debug */ = {
			isa = XCBuildConfiguration;
			baseConfigurationReference = 17BB66FA74ED4406A9A137F1 /* Pods-ExerciseTests.xcconfig */;
			buildSettings = {
				ARCHS = "$(ARCHS_STANDARD_INCLUDING_64_BIT)";
				BUNDLE_LOADER = "$(BUILT_PRODUCTS_DIR)/Exercise.app/Exercise";
				FRAMEWORK_SEARCH_PATHS = (
					"$(SDKROOT)/Developer/Library/Frameworks",
					"$(inherited)",
					"$(DEVELOPER_FRAMEWORKS_DIR)",
				);
				GCC_PRECOMPILE_PREFIX_HEADER = YES;
				GCC_PREFIX_HEADER = "ExerciseTests/ExerciseTests-Prefix.pch";
				GCC_PREPROCESSOR_DEFINITIONS = (
					"DEBUG=1",
					"$(inherited)",
				);
				INFOPLIST_FILE = "ExerciseTests/ExerciseTests-Info.plist";
				PRODUCT_NAME = "$(TARGET_NAME)";
				TEST_HOST = "$(BUNDLE_LOADER)";
				WRAPPER_EXTENSION = xctest;
			};
			name = Debug;
		};
		D7143132185B31B60039E902 /* Release */ = {
			isa = XCBuildConfiguration;
			baseConfigurationReference = 17BB66FA74ED4406A9A137F1 /* Pods-ExerciseTests.xcconfig */;
			buildSettings = {
				ARCHS = "$(ARCHS_STANDARD_INCLUDING_64_BIT)";
				BUNDLE_LOADER = "$(BUILT_PRODUCTS_DIR)/Exercise.app/Exercise";
				FRAMEWORK_SEARCH_PATHS = (
					"$(SDKROOT)/Developer/Library/Frameworks",
					"$(inherited)",
					"$(DEVELOPER_FRAMEWORKS_DIR)",
				);
				GCC_PRECOMPILE_PREFIX_HEADER = YES;
				GCC_PREFIX_HEADER = "ExerciseTests/ExerciseTests-Prefix.pch";
				INFOPLIST_FILE = "ExerciseTests/ExerciseTests-Info.plist";
				PRODUCT_NAME = "$(TARGET_NAME)";
				TEST_HOST = "$(BUNDLE_LOADER)";
				WRAPPER_EXTENSION = xctest;
			};
			name = Release;
		};
/* End XCBuildConfiguration section */

/* Begin XCConfigurationList section */
		D71430ED185B31B60039E902 /* Build configuration list for PBXProject "Exercise" */ = {
			isa = XCConfigurationList;
			buildConfigurations = (
				D714312B185B31B60039E902 /* Debug */,
				D714312C185B31B60039E902 /* Release */,
			);
			defaultConfigurationIsVisible = 0;
			defaultConfigurationName = Release;
		};
		D714312D185B31B60039E902 /* Build configuration list for PBXNativeTarget "Exercise" */ = {
			isa = XCConfigurationList;
			buildConfigurations = (
				D714312E185B31B60039E902 /* Debug */,
				D714312F185B31B60039E902 /* Release */,
			);
			defaultConfigurationIsVisible = 0;
			defaultConfigurationName = Release;
		};
		D7143130185B31B60039E902 /* Build configuration list for PBXNativeTarget "ExerciseTests" */ = {
			isa = XCConfigurationList;
			buildConfigurations = (
				D7143131185B31B60039E902 /* Debug */,
				D7143132185B31B60039E902 /* Release */,
			);
			defaultConfigurationIsVisible = 0;
			defaultConfigurationName = Release;
		};
/* End XCConfigurationList section */

/* Begin XCVersionGroup section */
		D714310C185B31B60039E902 /* Exercise.xcdatamodeld */ = {
			isa = XCVersionGroup;
			children = (
				D714310D185B31B60039E902 /* Exercise.xcdatamodel */,
			);
			currentVersion = D714310D185B31B60039E902 /* Exercise.xcdatamodel */;
			path = Exercise.xcdatamodeld;
			sourceTree = "<group>";
			versionGroupType = wrapper.xcdatamodel;
		};
/* End XCVersionGroup section */
	};
	rootObject = D71430EA185B31B60039E902 /* Project object */;
}
